// !$*UTF8*$!
{
	archiveVersion = 1;
	classes = {
	};
	objectVersion = 56;
	objects = {

/* Begin PBXBuildFile section */
		C02D13F229E813BD00F25335 /* AppDelegate.swift in Sources */ = {isa = PBXBuildFile; fileRef = C02D13F129E813BD00F25335 /* AppDelegate.swift */; };
		C02D13F429E813BD00F25335 /* SceneDelegate.swift in Sources */ = {isa = PBXBuildFile; fileRef = C02D13F329E813BD00F25335 /* SceneDelegate.swift */; };
		C02D13F629E813BD00F25335 /* ViewController.swift in Sources */ = {isa = PBXBuildFile; fileRef = C02D13F529E813BD00F25335 /* ViewController.swift */; };
		C02D13F929E813BD00F25335 /* Main.storyboard in Resources */ = {isa = PBXBuildFile; fileRef = C02D13F729E813BD00F25335 /* Main.storyboard */; };
		C02D13FB29E813BE00F25335 /* Assets.xcassets in Resources */ = {isa = PBXBuildFile; fileRef = C02D13FA29E813BE00F25335 /* Assets.xcassets */; };
		C02D13FE29E813BE00F25335 /* LaunchScreen.storyboard in Resources */ = {isa = PBXBuildFile; fileRef = C02D13FC29E813BE00F25335 /* LaunchScreen.storyboard */; };
		F17E57E86BFF6550858A5259 /* Pods_Property_Wrappers.framework in Frameworks */ = {isa = PBXBuildFile; fileRef = EF0B8C738B16050CCA7159C0 /* Pods_Property_Wrappers.framework */; };
/* End PBXBuildFile section */

/* Begin PBXFileReference section */
		C02D13EE29E813BD00F25335 /* Property Wrappers.app */ = {isa = PBXFileReference; explicitFileType = wrapper.application; includeInIndex = 0; path = "Property Wrappers.app"; sourceTree = BUILT_PRODUCTS_DIR; };
		C02D13F129E813BD00F25335 /* AppDelegate.swift */ = {isa = PBXFileReference; lastKnownFileType = sourcecode.swift; path = AppDelegate.swift; sourceTree = "<group>"; };
		C02D13F329E813BD00F25335 /* SceneDelegate.swift */ = {isa = PBXFileReference; lastKnownFileType = sourcecode.swift; path = SceneDelegate.swift; sourceTree = "<group>"; };
		C02D13F529E813BD00F25335 /* ViewController.swift */ = {isa = PBXFileReference; lastKnownFileType = sourcecode.swift; path = ViewController.swift; sourceTree = "<group>"; };
		C02D13F829E813BD00F25335 /* Base */ = {isa = PBXFileReference; lastKnownFileType = file.storyboard; name = Base; path = Base.lproj/Main.storyboard; sourceTree = "<group>"; };
		C02D13FA29E813BE00F25335 /* Assets.xcassets */ = {isa = PBXFileReference; lastKnownFileType = folder.assetcatalog; path = Assets.xcassets; sourceTree = "<group>"; };
		C02D13FD29E813BE00F25335 /* Base */ = {isa = PBXFileReference; lastKnownFileType = file.storyboard; name = Base; path = Base.lproj/LaunchScreen.storyboard; sourceTree = "<group>"; };
		C02D13FF29E813BE00F25335 /* Info.plist */ = {isa = PBXFileReference; lastKnownFileType = text.plist.xml; path = Info.plist; sourceTree = "<group>"; };
		D191694F6ED60D05EEB71C41 /* Pods-Property Wrappers.release.xcconfig */ = {isa = PBXFileReference; includeInIndex = 1; lastKnownFileType = text.xcconfig; name = "Pods-Property Wrappers.release.xcconfig"; path = "Target Support Files/Pods-Property Wrappers/Pods-Property Wrappers.release.xcconfig"; sourceTree = "<group>"; };
		DA1B8E00AD3142BC9DF65CBC /* Pods-Property Wrappers.debug.xcconfig */ = {isa = PBXFileReference; includeInIndex = 1; lastKnownFileType = text.xcconfig; name = "Pods-Property Wrappers.debug.xcconfig"; path = "Target Support Files/Pods-Property Wrappers/Pods-Property Wrappers.debug.xcconfig"; sourceTree = "<group>"; };
		EF0B8C738B16050CCA7159C0 /* Pods_Property_Wrappers.framework */ = {isa = PBXFileReference; explicitFileType = wrapper.framework; includeInIndex = 0; path = Pods_Property_Wrappers.framework; sourceTree = BUILT_PRODUCTS_DIR; };
/* End PBXFileReference section */

/* Begin PBXFrameworksBuildPhase section */
		C02D13EB29E813BD00F25335 /* Frameworks */ = {
			isa = PBXFrameworksBuildPhase;
			buildActionMask = 2147483647;
			files = (
				F17E57E86BFF6550858A5259 /* Pods_Property_Wrappers.framework in Frameworks */,
			);
			runOnlyForDeploymentPostprocessing = 0;
		};
/* End PBXFrameworksBuildPhase section */

/* Begin PBXGroup section */
		0DBB3F8B21C8B95150F2D152 /* Pods */ = {
			isa = PBXGroup;
			children = (
				DA1B8E00AD3142BC9DF65CBC /* Pods-Property Wrappers.debug.xcconfig */,
				D191694F6ED60D05EEB71C41 /* Pods-Property Wrappers.release.xcconfig */,
			);
			path = Pods;
			sourceTree = "<group>";
		};
		60C57BA3F65F3EF2CB73B2D1 /* Frameworks */ = {
			isa = PBXGroup;
			children = (
				EF0B8C738B16050CCA7159C0 /* Pods_Property_Wrappers.framework */,
			);
			name = Frameworks;
			sourceTree = "<group>";
		};
		C02D13E529E813BD00F25335 = {
			isa = PBXGroup;
			children = (
				C02D13F029E813BD00F25335 /* Property Wrappers */,
				C02D13EF29E813BD00F25335 /* Products */,
				0DBB3F8B21C8B95150F2D152 /* Pods */,
				60C57BA3F65F3EF2CB73B2D1 /* Frameworks */,
			);
			sourceTree = "<group>";
		};
		C02D13EF29E813BD00F25335 /* Products */ = {
			isa = PBXGroup;
			children = (
				C02D13EE29E813BD00F25335 /* Property Wrappers.app */,
			);
			name = Products;
			sourceTree = "<group>";
		};
		C02D13F029E813BD00F25335 /* Property Wrappers */ = {
			isa = PBXGroup;
			children = (
				C02D13F129E813BD00F25335 /* AppDelegate.swift */,
				C02D13F329E813BD00F25335 /* SceneDelegate.swift */,
				C02D13F529E813BD00F25335 /* ViewController.swift */,
				C02D13F729E813BD00F25335 /* Main.storyboard */,
				C02D13FA29E813BE00F25335 /* Assets.xcassets */,
				C02D13FC29E813BE00F25335 /* LaunchScreen.storyboard */,
				C02D13FF29E813BE00F25335 /* Info.plist */,
			);
			path = "Property Wrappers";
			sourceTree = "<group>";
		};
/* End PBXGroup section */

/* Begin PBXNativeTarget section */
		C02D13ED29E813BD00F25335 /* Property Wrappers */ = {
			isa = PBXNativeTarget;
			buildConfigurationList = C02D140229E813BE00F25335 /* Build configuration list for PBXNativeTarget "Property Wrappers" */;
			buildPhases = (
				53B9D3BE97EFC23B756FE028 /* [CP] Check Pods Manifest.lock */,
				C02D13EA29E813BD00F25335 /* Sources */,
				C02D13EB29E813BD00F25335 /* Frameworks */,
				C02D13EC29E813BD00F25335 /* Resources */,
				9B03E00D92A154E7F28BA9D1 /* [CP] Embed Pods Frameworks */,
			);
			buildRules = (
			);
			dependencies = (
			);
			name = "Property Wrappers";
			productName = "Property Wrappers";
			productReference = C02D13EE29E813BD00F25335 /* Property Wrappers.app */;
			productType = "com.apple.product-type.application";
		};
/* End PBXNativeTarget section */

/* Begin PBXProject section */
		C02D13E629E813BD00F25335 /* Project object */ = {
			isa = PBXProject;
			attributes = {
				BuildIndependentTargetsInParallel = 1;
				LastSwiftUpdateCheck = 1420;
				LastUpgradeCheck = 1420;
				TargetAttributes = {
					C02D13ED29E813BD00F25335 = {
						CreatedOnToolsVersion = 14.2;
					};
				};
			};
			buildConfigurationList = C02D13E929E813BD00F25335 /* Build configuration list for PBXProject "Property Wrappers" */;
			compatibilityVersion = "Xcode 14.0";
			developmentRegion = en;
			hasScannedForEncodings = 0;
			knownRegions = (
				en,
				Base,
			);
			mainGroup = C02D13E529E813BD00F25335;
			productRefGroup = C02D13EF29E813BD00F25335 /* Products */;
			projectDirPath = "";
			projectRoot = "";
			targets = (
				C02D13ED29E813BD00F25335 /* Property Wrappers */,
			);
		};
/* End PBXProject section */

/* Begin PBXResourcesBuildPhase section */
		C02D13EC29E813BD00F25335 /* Resources */ = {
			isa = PBXResourcesBuildPhase;
			buildActionMask = 2147483647;
			files = (
				C02D13FE29E813BE00F25335 /* LaunchScreen.storyboard in Resources */,
				C02D13FB29E813BE00F25335 /* Assets.xcassets in Resources */,
				C02D13F929E813BD00F25335 /* Main.storyboard in Resources */,
			);
			runOnlyForDeploymentPostprocessing = 0;
		};
/* End PBXResourcesBuildPhase section */

/* Begin PBXShellScriptBuildPhase section */
		53B9D3BE97EFC23B756FE028 /* [CP] Check Pods Manifest.lock */ = {
			isa = PBXShellScriptBuildPhase;
			buildActionMask = 2147483647;
			files = (
			);
			inputFileListPaths = (
			);
			inputPaths = (
				"${PODS_PODFILE_DIR_PATH}/Podfile.lock",
				"${PODS_ROOT}/Manifest.lock",
			);
			name = "[CP] Check Pods Manifest.lock";
			outputFileListPaths = (
			);
			outputPaths = (
				"$(DERIVED_FILE_DIR)/Pods-Property Wrappers-checkManifestLockResult.txt",
			);
			runOnlyForDeploymentPostprocessing = 0;
			shellPath = /bin/sh;
			shellScript = "diff \"${PODS_PODFILE_DIR_PATH}/Podfile.lock\" \"${PODS_ROOT}/Manifest.lock\" > /dev/null\nif [ $? != 0 ] ; then\n    # print error to STDERR\n    echo \"error: The sandbox is not in sync with the Podfile.lock. Run 'pod install' or update your CocoaPods installation.\" >&2\n    exit 1\nfi\n# This output is used by Xcode 'outputs' to avoid re-running this script phase.\necho \"SUCCESS\" > \"${SCRIPT_OUTPUT_FILE_0}\"\n";
			showEnvVarsInLog = 0;
		};
		9B03E00D92A154E7F28BA9D1 /* [CP] Embed Pods Frameworks */ = {
			isa = PBXShellScriptBuildPhase;
			buildActionMask = 2147483647;
			files = (
			);
			inputFileListPaths = (
				"${PODS_ROOT}/Target Support Files/Pods-Property Wrappers/Pods-Property Wrappers-frameworks-${CONFIGURATION}-input-files.xcfilelist",
			);
			name = "[CP] Embed Pods Frameworks";
			outputFileListPaths = (
				"${PODS_ROOT}/Target Support Files/Pods-Property Wrappers/Pods-Property Wrappers-frameworks-${CONFIGURATION}-output-files.xcfilelist",
			);
			runOnlyForDeploymentPostprocessing = 0;
			shellPath = /bin/sh;
			shellScript = "\"${PODS_ROOT}/Target Support Files/Pods-Property Wrappers/Pods-Property Wrappers-frameworks.sh\"\n";
			showEnvVarsInLog = 0;
		};
/* End PBXShellScriptBuildPhase section */

/* Begin PBXSourcesBuildPhase section */
		C02D13EA29E813BD00F25335 /* Sources */ = {
			isa = PBXSourcesBuildPhase;
			buildActionMask = 2147483647;
			files = (
				C02D13F629E813BD00F25335 /* ViewController.swift in Sources */,
				C02D13F229E813BD00F25335 /* AppDelegate.swift in Sources */,
				C02D13F429E813BD00F25335 /* SceneDelegate.swift in Sources */,
			);
			runOnlyForDeploymentPostprocessing = 0;
		};
/* End PBXSourcesBuildPhase section */

/* Begin PBXVariantGroup section */
		C02D13F729E813BD00F25335 /* Main.storyboard */ = {
			isa = PBXVariantGroup;
			children = (
				C02D13F829E813BD00F25335 /* Base */,
			);
			name = Main.storyboard;
			sourceTree = "<group>";
		};
		C02D13FC29E813BE00F25335 /* LaunchScreen.storyboard */ = {
			isa = PBXVariantGroup;
			children = (
				C02D13FD29E813BE00F25335 /* Base */,
			);
			name = LaunchScreen.storyboard;
			sourceTree = "<group>";
		};
/* End PBXVariantGroup section */

/* Begin XCBuildConfiguration section */
		C02D140029E813BE00F25335 /* Debug */ = {
			isa = XCBuildConfiguration;
			buildSettings = {
				ALWAYS_SEARCH_USER_PATHS = NO;
				CLANG_ANALYZER_NONNULL = YES;
				CLANG_ANALYZER_NUMBER_OBJECT_CONVERSION = YES_AGGRESSIVE;
				CLANG_CXX_LANGUAGE_STANDARD = "gnu++20";
				CLANG_ENABLE_MODULES = YES;
				CLANG_ENABLE_OBJC_ARC = YES;
				CLANG_ENABLE_OBJC_WEAK = YES;
				CLANG_WARN_BLOCK_CAPTURE_AUTORELEASING = YES;
				CLANG_WARN_BOOL_CONVERSION = YES;
				CLANG_WARN_COMMA = YES;
				CLANG_WARN_CONSTANT_CONVERSION = YES;
				CLANG_WARN_DEPRECATED_OBJC_IMPLEMENTATIONS = YES;
				CLANG_WARN_DIRECT_OBJC_ISA_USAGE = YES_ERROR;
				CLANG_WARN_DOCUMENTATION_COMMENTS = YES;
				CLANG_WARN_EMPTY_BODY = YES;
				CLANG_WARN_ENUM_CONVERSION = YES;
				CLANG_WARN_INFINITE_RECURSION = YES;
				CLANG_WARN_INT_CONVERSION = YES;
				CLANG_WARN_NON_LITERAL_NULL_CONVERSION = YES;
				CLANG_WARN_OBJC_IMPLICIT_RETAIN_SELF = YES;
				CLANG_WARN_OBJC_LITERAL_CONVERSION = YES;
				CLANG_WARN_OBJC_ROOT_CLASS = YES_ERROR;
				CLANG_WARN_QUOTED_INCLUDE_IN_FRAMEWORK_HEADER = YES;
				CLANG_WARN_RANGE_LOOP_ANALYSIS = YES;
				CLANG_WARN_STRICT_PROTOTYPES = YES;
				CLANG_WARN_SUSPICIOUS_MOVE = YES;
				CLANG_WARN_UNGUARDED_AVAILABILITY = YES_AGGRESSIVE;
				CLANG_WARN_UNREACHABLE_CODE = YES;
				CLANG_WARN__DUPLICATE_METHOD_MATCH = YES;
				COPY_PHASE_STRIP = NO;
				DEBUG_INFORMATION_FORMAT = dwarf;
				ENABLE_STRICT_OBJC_MSGSEND = YES;
				ENABLE_TESTABILITY = YES;
				GCC_C_LANGUAGE_STANDARD = gnu11;
				GCC_DYNAMIC_NO_PIC = NO;
				GCC_NO_COMMON_BLOCKS = YES;
				GCC_OPTIMIZATION_LEVEL = 0;
				GCC_PREPROCESSOR_DEFINITIONS = (
					"DEBUG=1",
					"$(inherited)",
				);
				GCC_WARN_64_TO_32_BIT_CONVERSION = YES;
				GCC_WARN_ABOUT_RETURN_TYPE = YES_ERROR;
				GCC_WARN_UNDECLARED_SELECTOR = YES;
				GCC_WARN_UNINITIALIZED_AUTOS = YES_AGGRESSIVE;
				GCC_WARN_UNUSED_FUNCTION = YES;
				GCC_WARN_UNUSED_VARIABLE = YES;
				IPHONEOS_DEPLOYMENT_TARGET = 16.2;
				MTL_ENABLE_DEBUG_INFO = INCLUDE_SOURCE;
				MTL_FAST_MATH = YES;
				ONLY_ACTIVE_ARCH = YES;
				SDKROOT = iphoneos;
				SWIFT_ACTIVE_COMPILATION_CONDITIONS = DEBUG;
				SWIFT_OPTIMIZATION_LEVEL = "-Onone";
			};
			name = Debug;
		};
		C02D140129E813BE00F25335 /* Release */ = {
			isa = XCBuildConfiguration;
			buildSettings = {
				ALWAYS_SEARCH_USER_PATHS = NO;
				CLANG_ANALYZER_NONNULL = YES;
				CLANG_ANALYZER_NUMBER_OBJECT_CONVERSION = YES_AGGRESSIVE;
				CLANG_CXX_LANGUAGE_STANDARD = "gnu++20";
				CLANG_ENABLE_MODULES = YES;
				CLANG_ENABLE_OBJC_ARC = YES;
				CLANG_ENABLE_OBJC_WEAK = YES;
				CLANG_WARN_BLOCK_CAPTURE_AUTORELEASING = YES;
				CLANG_WARN_BOOL_CONVERSION = YES;
				CLANG_WARN_COMMA = YES;
				CLANG_WARN_CONSTANT_CONVERSION = YES;
				CLANG_WARN_DEPRECATED_OBJC_IMPLEMENTATIONS = YES;
				CLANG_WARN_DIRECT_OBJC_ISA_USAGE = YES_ERROR;
				CLANG_WARN_DOCUMENTATION_COMMENTS = YES;
				CLANG_WARN_EMPTY_BODY = YES;
				CLANG_WARN_ENUM_CONVERSION = YES;
				CLANG_WARN_INFINITE_RECURSION = YES;
				CLANG_WARN_INT_CONVERSION = YES;
				CLANG_WARN_NON_LITERAL_NULL_CONVERSION = YES;
				CLANG_WARN_OBJC_IMPLICIT_RETAIN_SELF = YES;
				CLANG_WARN_OBJC_LITERAL_CONVERSION = YES;
				CLANG_WARN_OBJC_ROOT_CLASS = YES_ERROR;
				CLANG_WARN_QUOTED_INCLUDE_IN_FRAMEWORK_HEADER = YES;
				CLANG_WARN_RANGE_LOOP_ANALYSIS = YES;
				CLANG_WARN_STRICT_PROTOTYPES = YES;
				CLANG_WARN_SUSPICIOUS_MOVE = YES;
				CLANG_WARN_UNGUARDED_AVAILABILITY = YES_AGGRESSIVE;
				CLANG_WARN_UNREACHABLE_CODE = YES;
				CLANG_WARN__DUPLICATE_METHOD_MATCH = YES;
				COPY_PHASE_STRIP = NO;
				DEBUG_INFORMATION_FORMAT = "dwarf-with-dsym";
				ENABLE_NS_ASSERTIONS = NO;
				ENABLE_STRICT_OBJC_MSGSEND = YES;
				GCC_C_LANGUAGE_STANDARD = gnu11;
				GCC_NO_COMMON_BLOCKS = YES;
				GCC_WARN_64_TO_32_BIT_CONVERSION = YES;
				GCC_WARN_ABOUT_RETURN_TYPE = YES_ERROR;
				GCC_WARN_UNDECLARED_SELECTOR = YES;
				GCC_WARN_UNINITIALIZED_AUTOS = YES_AGGRESSIVE;
				GCC_WARN_UNUSED_FUNCTION = YES;
				GCC_WARN_UNUSED_VARIABLE = YES;
				IPHONEOS_DEPLOYMENT_TARGET = 16.2;
				MTL_ENABLE_DEBUG_INFO = NO;
				MTL_FAST_MATH = YES;
				SDKROOT = iphoneos;
				SWIFT_COMPILATION_MODE = wholemodule;
				SWIFT_OPTIMIZATION_LEVEL = "-O";
				VALIDATE_PRODUCT = YES;
			};
			name = Release;
		};
		C02D140329E813BE00F25335 /* Debug */ = {
			isa = XCBuildConfiguration;
			baseConfigurationReference = DA1B8E00AD3142BC9DF65CBC /* Pods-Property Wrappers.debug.xcconfig */;
			buildSettings = {
				ASSETCATALOG_COMPILER_APPICON_NAME = AppIcon;
				ASSETCATALOG_COMPILER_GLOBAL_ACCENT_COLOR_NAME = AccentColor;
				CLANG_MODULES_AUTOLINK = NO;
				CODE_SIGN_STYLE = Automatic;
				CURRENT_PROJECT_VERSION = 1;
				GENERATE_INFOPLIST_FILE = YES;
				INFOPLIST_FILE = "Property Wrappers/Info.plist";
				INFOPLIST_KEY_UIApplicationSupportsIndirectInputEvents = YES;
				INFOPLIST_KEY_UILaunchStoryboardName = LaunchScreen;
				INFOPLIST_KEY_UIMainStoryboardFile = Main;
				INFOPLIST_KEY_UISupportedInterfaceOrientations_iPad = "UIInterfaceOrientationPortrait UIInterfaceOrientationPortraitUpsideDown UIInterfaceOrientationLandscapeLeft UIInterfaceOrientationLandscapeRight";
				INFOPLIST_KEY_UISupportedInterfaceOrientations_iPhone = "UIInterfaceOrientationPortrait UIInterfaceOrientationLandscapeLeft UIInterfaceOrientationLandscapeRight";
				LD_RUNPATH_SEARCH_PATHS = (
					"$(inherited)",
					"@executable_path/Frameworks",
				);
				MARKETING_VERSION = 1.0;
				PRODUCT_BUNDLE_IDENTIFIER = "com.test.watch.Property-Wrappers";
				PRODUCT_NAME = "$(TARGET_NAME)";
				SWIFT_EMIT_LOC_STRINGS = YES;
				SWIFT_VERSION = 5.0;
				TARGETED_DEVICE_FAMILY = "1,2";
			};
			name = Debug;
		};
		C02D140429E813BE00F25335 /* Release */ = {
			isa = XCBuildConfiguration;
			baseConfigurationReference = D191694F6ED60D05EEB71C41 /* Pods-Property Wrappers.release.xcconfig */;
			buildSettings = {
				ASSETCATALOG_COMPILER_APPICON_NAME = AppIcon;
				ASSETCATALOG_COMPILER_GLOBAL_ACCENT_COLOR_NAME = AccentColor;
				CLANG_MODULES_AUTOLINK = NO;
				CODE_SIGN_STYLE = Automatic;
				CURRENT_PROJECT_VERSION = 1;
				GENERATE_INFOPLIST_FILE = YES;
				INFOPLIST_FILE = "Property Wrappers/Info.plist";
				INFOPLIST_KEY_UIApplicationSupportsIndirectInputEvents = YES;
				INFOPLIST_KEY_UILaunchStoryboardName = LaunchScreen;
				INFOPLIST_KEY_UIMainStoryboardFile = Main;
				INFOPLIST_KEY_UISupportedInterfaceOrientations_iPad = "UIInterfaceOrientationPortrait UIInterfaceOrientationPortraitUpsideDown UIInterfaceOrientationLandscapeLeft UIInterfaceOrientationLandscapeRight";
				INFOPLIST_KEY_UISupportedInterfaceOrientations_iPhone = "UIInterfaceOrientationPortrait UIInterfaceOrientationLandscapeLeft UIInterfaceOrientationLandscapeRight";
				LD_RUNPATH_SEARCH_PATHS = (
					"$(inherited)",
					"@executable_path/Frameworks",
				);
				MARKETING_VERSION = 1.0;
				PRODUCT_BUNDLE_IDENTIFIER = "com.test.watch.Property-Wrappers";
				PRODUCT_NAME = "$(TARGET_NAME)";
				SWIFT_EMIT_LOC_STRINGS = YES;
				SWIFT_VERSION = 5.0;
				TARGETED_DEVICE_FAMILY = "1,2";
			};
			name = Release;
		};
/* End XCBuildConfiguration section */

/* Begin XCConfigurationList section */
		C02D13E929E813BD00F25335 /* Build configuration list for PBXProject "Property Wrappers" */ = {
			isa = XCConfigurationList;
			buildConfigurations = (
				C02D140029E813BE00F25335 /* Debug */,
				C02D140129E813BE00F25335 /* Release */,
			);
			defaultConfigurationIsVisible = 0;
			defaultConfigurationName = Release;
		};
		C02D140229E813BE00F25335 /* Build configuration list for PBXNativeTarget "Property Wrappers" */ = {
			isa = XCConfigurationList;
			buildConfigurations = (
				C02D140329E813BE00F25335 /* Debug */,
				C02D140429E813BE00F25335 /* Release */,
			);
			defaultConfigurationIsVisible = 0;
			defaultConfigurationName = Release;
		};
/* End XCConfigurationList section */
	};
	rootObject = C02D13E629E813BD00F25335 /* Project object */;
}
